// !$*UTF8*$!
{
	archiveVersion = 1;
	classes = {
	};
	objectVersion = 46;
	objects = {

/* Begin PBXBuildFile section */
		ABD28336166ACD9100E992B8 /* UIKit.framework in Frameworks */ = {isa = PBXBuildFile; fileRef = ABD28335166ACD9100E992B8 /* UIKit.framework */; };
		ABD28338166ACD9100E992B8 /* Foundation.framework in Frameworks */ = {isa = PBXBuildFile; fileRef = ABD28337166ACD9100E992B8 /* Foundation.framework */; };
		ABD2833A166ACD9100E992B8 /* CoreGraphics.framework in Frameworks */ = {isa = PBXBuildFile; fileRef = ABD28339166ACD9100E992B8 /* CoreGraphics.framework */; };
		ABD28340166ACD9100E992B8 /* InfoPlist.strings in Resources */ = {isa = PBXBuildFile; fileRef = ABD2833E166ACD9100E992B8 /* InfoPlist.strings */; };
		ABD28342166ACD9100E992B8 /* main.m in Sources */ = {isa = PBXBuildFile; fileRef = ABD28341166ACD9100E992B8 /* main.m */; };
		ABD28346166ACD9100E992B8 /* BasicButtonsAppDelegate.m in Sources */ = {isa = PBXBuildFile; fileRef = ABD28345166ACD9100E992B8 /* BasicButtonsAppDelegate.m */; };
		ABD28348166ACD9100E992B8 /* Default.png in Resources */ = {isa = PBXBuildFile; fileRef = ABD28347166ACD9100E992B8 /* Default.png */; };
		ABD2834A166ACD9100E992B8 /* Default@2x.png in Resources */ = {isa = PBXBuildFile; fileRef = ABD28349166ACD9100E992B8 /* Default@2x.png */; };
		ABD2834C166ACD9100E992B8 /* Default-568h@2x.png in Resources */ = {isa = PBXBuildFile; fileRef = ABD2834B166ACD9100E992B8 /* Default-568h@2x.png */; };
		ABD2834F166ACD9100E992B8 /* BasicButtonsViewController.m in Sources */ = {isa = PBXBuildFile; fileRef = ABD2834E166ACD9100E992B8 /* BasicButtonsViewController.m */; };
		ABD28352166ACD9100E992B8 /* BasicButtonsViewController.xib in Resources */ = {isa = PBXBuildFile; fileRef = ABD28350166ACD9100E992B8 /* BasicButtonsViewController.xib */; };
		ABD2837C166C03E300E992B8 /* UIButton+NewsReelAdditions.m in Sources */ = {isa = PBXBuildFile; fileRef = ABD2837B166C03E300E992B8 /* UIButton+NewsReelAdditions.m */; };
		ABD2837F166C073C00E992B8 /* politics@2x.png in Resources */ = {isa = PBXBuildFile; fileRef = ABD2837D166C073C00E992B8 /* politics@2x.png */; };
		ABD28380166C073C00E992B8 /* politicsHighlighted@2x.png in Resources */ = {isa = PBXBuildFile; fileRef = ABD2837E166C073C00E992B8 /* politicsHighlighted@2x.png */; };
		ABD28383166C0BAC00E992B8 /* sports@2x.png in Resources */ = {isa = PBXBuildFile; fileRef = ABD28381166C0BAC00E992B8 /* sports@2x.png */; };
		ABD28384166C0BAC00E992B8 /* sportsHighlighted@2x.png in Resources */ = {isa = PBXBuildFile; fileRef = ABD28382166C0BAC00E992B8 /* sportsHighlighted@2x.png */; };
		ABD28387166C131A00E992B8 /* world@2x.png in Resources */ = {isa = PBXBuildFile; fileRef = ABD28385166C131A00E992B8 /* world@2x.png */; };
		ABD28388166C131A00E992B8 /* worldHighlighted@2x.png in Resources */ = {isa = PBXBuildFile; fileRef = ABD28386166C131A00E992B8 /* worldHighlighted@2x.png */; };
		ABD2838C166C1DE800E992B8 /* background@2x.png in Resources */ = {isa = PBXBuildFile; fileRef = ABD2838B166C1DE700E992B8 /* background@2x.png */; };
		ABD2838F166C509000E992B8 /* technology@2x.png in Resources */ = {isa = PBXBuildFile; fileRef = ABD2838D166C509000E992B8 /* technology@2x.png */; };
		ABD28390166C509000E992B8 /* technologyHighlighted@2x.png in Resources */ = {isa = PBXBuildFile; fileRef = ABD2838E166C509000E992B8 /* technologyHighlighted@2x.png */; };
/* End PBXBuildFile section */

/* Begin PBXFileReference section */
		ABD28331166ACD9100E992B8 /* BasicButtons.app */ = {isa = PBXFileReference; explicitFileType = wrapper.application; includeInIndex = 0; path = BasicButtons.app; sourceTree = BUILT_PRODUCTS_DIR; };
		ABD28335166ACD9100E992B8 /* UIKit.framework */ = {isa = PBXFileReference; lastKnownFileType = wrapper.framework; name = UIKit.framework; path = System/Library/Frameworks/UIKit.framework; sourceTree = SDKROOT; };
		ABD28337166ACD9100E992B8 /* Foundation.framework */ = {isa = PBXFileReference; lastKnownFileType = wrapper.framework; name = Foundation.framework; path = System/Library/Frameworks/Foundation.framework; sourceTree = SDKROOT; };
		ABD28339166ACD9100E992B8 /* CoreGraphics.framework */ = {isa = PBXFileReference; lastKnownFileType = wrapper.framework; name = CoreGraphics.framework; path = System/Library/Frameworks/CoreGraphics.framework; sourceTree = SDKROOT; };
		ABD2833D166ACD9100E992B8 /* BasicButtons-Info.plist */ = {isa = PBXFileReference; lastKnownFileType = text.plist.xml; path = "BasicButtons-Info.plist"; sourceTree = "<group>"; };
		ABD2833F166ACD9100E992B8 /* en */ = {isa = PBXFileReference; lastKnownFileType = text.plist.strings; name = en; path = en.lproj/InfoPlist.strings; sourceTree = "<group>"; };
		ABD28341166ACD9100E992B8 /* main.m */ = {isa = PBXFileReference; lastKnownFileType = sourcecode.c.objc; path = main.m; sourceTree = "<group>"; };
		ABD28343166ACD9100E992B8 /* BasicButtons-Prefix.pch */ = {isa = PBXFileReference; lastKnownFileType = sourcecode.c.h; path = "BasicButtons-Prefix.pch"; sourceTree = "<group>"; };
		ABD28344166ACD9100E992B8 /* BasicButtonsAppDelegate.h */ = {isa = PBXFileReference; lastKnownFileType = sourcecode.c.h; path = BasicButtonsAppDelegate.h; sourceTree = "<group>"; };
		ABD28345166ACD9100E992B8 /* BasicButtonsAppDelegate.m */ = {isa = PBXFileReference; lastKnownFileType = sourcecode.c.objc; path = BasicButtonsAppDelegate.m; sourceTree = "<group>"; };
		ABD28347166ACD9100E992B8 /* Default.png */ = {isa = PBXFileReference; lastKnownFileType = image.png; path = Default.png; sourceTree = "<group>"; };
		ABD28349166ACD9100E992B8 /* Default@2x.png */ = {isa = PBXFileReference; lastKnownFileType = image.png; path = "Default@2x.png"; sourceTree = "<group>"; };
		ABD2834B166ACD9100E992B8 /* Default-568h@2x.png */ = {isa = PBXFileReference; lastKnownFileType = image.png; path = "Default-568h@2x.png"; sourceTree = "<group>"; };
		ABD2834D166ACD9100E992B8 /* BasicButtonsViewController.h */ = {isa = PBXFileReference; lastKnownFileType = sourcecode.c.h; path = BasicButtonsViewController.h; sourceTree = "<group>"; };
		ABD2834E166ACD9100E992B8 /* BasicButtonsViewController.m */ = {isa = PBXFileReference; lastKnownFileType = sourcecode.c.objc; path = BasicButtonsViewController.m; sourceTree = "<group>"; };
		ABD28351166ACD9100E992B8 /* en */ = {isa = PBXFileReference; lastKnownFileType = file.xib; name = en; path = en.lproj/BasicButtonsViewController.xib; sourceTree = "<group>"; };
		ABD2837A166C03E300E992B8 /* UIButton+NewsReelAdditions.h */ = {isa = PBXFileReference; fileEncoding = 4; lastKnownFileType = sourcecode.c.h; path = "UIButton+NewsReelAdditions.h"; sourceTree = "<group>"; };
		ABD2837B166C03E300E992B8 /* UIButton+NewsReelAdditions.m */ = {isa = PBXFileReference; fileEncoding = 4; lastKnownFileType = sourcecode.c.objc; path = "UIButton+NewsReelAdditions.m"; sourceTree = "<group>"; };
		ABD2837D166C073C00E992B8 /* politics@2x.png */ = {isa = PBXFileReference; lastKnownFileType = image.png; path = "politics@2x.png"; sourceTree = "<group>"; };
		ABD2837E166C073C00E992B8 /* politicsHighlighted@2x.png */ = {isa = PBXFileReference; lastKnownFileType = image.png; path = "politicsHighlighted@2x.png"; sourceTree = "<group>"; };
		ABD28381166C0BAC00E992B8 /* sports@2x.png */ = {isa = PBXFileReference; lastKnownFileType = image.png; path = "sports@2x.png"; sourceTree = "<group>"; };
		ABD28382166C0BAC00E992B8 /* sportsHighlighted@2x.png */ = {isa = PBXFileReference; lastKnownFileType = image.png; path = "sportsHighlighted@2x.png"; sourceTree = "<group>"; };
		ABD28385166C131A00E992B8 /* world@2x.png */ = {isa = PBXFileReference; lastKnownFileType = image.png; path = "world@2x.png"; sourceTree = "<group>"; };
		ABD28386166C131A00E992B8 /* worldHighlighted@2x.png */ = {isa = PBXFileReference; lastKnownFileType = image.png; path = "worldHighlighted@2x.png"; sourceTree = "<group>"; };
		ABD2838B166C1DE700E992B8 /* background@2x.png */ = {isa = PBXFileReference; lastKnownFileType = image.png; path = "background@2x.png"; sourceTree = "<group>"; };
		ABD2838D166C509000E992B8 /* technology@2x.png */ = {isa = PBXFileReference; lastKnownFileType = image.png; path = "technology@2x.png"; sourceTree = "<group>"; };
		ABD2838E166C509000E992B8 /* technologyHighlighted@2x.png */ = {isa = PBXFileReference; lastKnownFileType = image.png; path = "technologyHighlighted@2x.png"; sourceTree = "<group>"; };
/* End PBXFileReference section */

/* Begin PBXFrameworksBuildPhase section */
		ABD2832E166ACD9100E992B8 /* Frameworks */ = {
			isa = PBXFrameworksBuildPhase;
			buildActionMask = 2147483647;
			files = (
				ABD28336166ACD9100E992B8 /* UIKit.framework in Frameworks */,
				ABD28338166ACD9100E992B8 /* Foundation.framework in Frameworks */,
				ABD2833A166ACD9100E992B8 /* CoreGraphics.framework in Frameworks */,
			);
			runOnlyForDeploymentPostprocessing = 0;
		};
/* End PBXFrameworksBuildPhase section */

/* Begin PBXGroup section */
		ABD28326166ACD9000E992B8 = {
			isa = PBXGroup;
			children = (
				ABD2833B166ACD9100E992B8 /* BasicButtons */,
				ABD28334166ACD9100E992B8 /* Frameworks */,
				ABD28332166ACD9100E992B8 /* Products */,
			);
			sourceTree = "<group>";
		};
		ABD28332166ACD9100E992B8 /* Products */ = {
			isa = PBXGroup;
			children = (
				ABD28331166ACD9100E992B8 /* BasicButtons.app */,
			);
			name = Products;
			sourceTree = "<group>";
		};
		ABD28334166ACD9100E992B8 /* Frameworks */ = {
			isa = PBXGroup;
			children = (
				ABD28335166ACD9100E992B8 /* UIKit.framework */,
				ABD28337166ACD9100E992B8 /* Foundation.framework */,
				ABD28339166ACD9100E992B8 /* CoreGraphics.framework */,
			);
			name = Frameworks;
			sourceTree = "<group>";
		};
		ABD2833B166ACD9100E992B8 /* BasicButtons */ = {
			isa = PBXGroup;
			children = (
				ABD28373166BFE0800E992B8 /* Resources */,
				ABD28344166ACD9100E992B8 /* BasicButtonsAppDelegate.h */,
				ABD28345166ACD9100E992B8 /* BasicButtonsAppDelegate.m */,
				ABD2834D166ACD9100E992B8 /* BasicButtonsViewController.h */,
				ABD2834E166ACD9100E992B8 /* BasicButtonsViewController.m */,
				ABD2837A166C03E300E992B8 /* UIButton+NewsReelAdditions.h */,
				ABD2837B166C03E300E992B8 /* UIButton+NewsReelAdditions.m */,
				ABD28350166ACD9100E992B8 /* BasicButtonsViewController.xib */,
				ABD2833C166ACD9100E992B8 /* Supporting Files */,
			);
			path = BasicButtons;
			sourceTree = "<group>";
		};
		ABD2833C166ACD9100E992B8 /* Supporting Files */ = {
			isa = PBXGroup;
			children = (
				ABD2833D166ACD9100E992B8 /* BasicButtons-Info.plist */,
				ABD2833E166ACD9100E992B8 /* InfoPlist.strings */,
				ABD28341166ACD9100E992B8 /* main.m */,
				ABD28343166ACD9100E992B8 /* BasicButtons-Prefix.pch */,
				ABD28347166ACD9100E992B8 /* Default.png */,
				ABD28349166ACD9100E992B8 /* Default@2x.png */,
				ABD2834B166ACD9100E992B8 /* Default-568h@2x.png */,
			);
			name = "Supporting Files";
			sourceTree = "<group>";
		};
		ABD28373166BFE0800E992B8 /* Resources */ = {
			isa = PBXGroup;
			children = (
				ABD2838D166C509000E992B8 /* technology@2x.png */,
				ABD2838E166C509000E992B8 /* technologyHighlighted@2x.png */,
				ABD28385166C131A00E992B8 /* world@2x.png */,
				ABD2838B166C1DE700E992B8 /* background@2x.png */,
				ABD28386166C131A00E992B8 /* worldHighlighted@2x.png */,
				ABD28381166C0BAC00E992B8 /* sports@2x.png */,
				ABD28382166C0BAC00E992B8 /* sportsHighlighted@2x.png */,
				ABD2837D166C073C00E992B8 /* politics@2x.png */,
				ABD2837E166C073C00E992B8 /* politicsHighlighted@2x.png */,
			);
			path = Resources;
			sourceTree = "<group>";
		};
/* End PBXGroup section */

/* Begin PBXNativeTarget section */
		ABD28330166ACD9100E992B8 /* BasicButtons */ = {
			isa = PBXNativeTarget;
			buildConfigurationList = ABD28355166ACD9100E992B8 /* Build configuration list for PBXNativeTarget "BasicButtons" */;
			buildPhases = (
				ABD2832D166ACD9100E992B8 /* Sources */,
				ABD2832E166ACD9100E992B8 /* Frameworks */,
				ABD2832F166ACD9100E992B8 /* Resources */,
			);
			buildRules = (
			);
			dependencies = (
			);
			name = BasicButtons;
			productName = BasicButtons;
			productReference = ABD28331166ACD9100E992B8 /* BasicButtons.app */;
			productType = "com.apple.product-type.application";
		};
/* End PBXNativeTarget section */

/* Begin PBXProject section */
		ABD28328166ACD9000E992B8 /* Project object */ = {
			isa = PBXProject;
			attributes = {
				CLASSPREFIX = BasicButtons;
				LastUpgradeCheck = 0450;
				ORGANIZATIONNAME = "Ashley Chou";
			};
			buildConfigurationList = ABD2832B166ACD9000E992B8 /* Build configuration list for PBXProject "BasicButtons" */;
			compatibilityVersion = "Xcode 3.2";
			developmentRegion = English;
			hasScannedForEncodings = 0;
			knownRegions = (
				en,
			);
			mainGroup = ABD28326166ACD9000E992B8;
			productRefGroup = ABD28332166ACD9100E992B8 /* Products */;
			projectDirPath = "";
			projectRoot = "";
			targets = (
				ABD28330166ACD9100E992B8 /* BasicButtons */,
			);
		};
/* End PBXProject section */

/* Begin PBXResourcesBuildPhase section */
		ABD2832F166ACD9100E992B8 /* Resources */ = {
			isa = PBXResourcesBuildPhase;
			buildActionMask = 2147483647;
			files = (
				ABD28340166ACD9100E992B8 /* InfoPlist.strings in Resources */,
				ABD28348166ACD9100E992B8 /* Default.png in Resources */,
				ABD2834A166ACD9100E992B8 /* Default@2x.png in Resources */,
				ABD2834C166ACD9100E992B8 /* Default-568h@2x.png in Resources */,
				ABD28352166ACD9100E992B8 /* BasicButtonsViewController.xib in Resources */,
				ABD2837F166C073C00E992B8 /* politics@2x.png in Resources */,
				ABD28380166C073C00E992B8 /* politicsHighlighted@2x.png in Resources */,
				ABD28383166C0BAC00E992B8 /* sports@2x.png in Resources */,
				ABD28384166C0BAC00E992B8 /* sportsHighlighted@2x.png in Resources */,
				ABD28387166C131A00E992B8 /* world@2x.png in Resources */,
				ABD28388166C131A00E992B8 /* worldHighlighted@2x.png in Resources */,
				ABD2838C166C1DE800E992B8 /* background@2x.png in Resources */,
				ABD2838F166C509000E992B8 /* technology@2x.png in Resources */,
				ABD28390166C509000E992B8 /* technologyHighlighted@2x.png in Resources */,
			);
			runOnlyForDeploymentPostprocessing = 0;
		};
/* End PBXResourcesBuildPhase section */

/* Begin PBXSourcesBuildPhase section */
		ABD2832D166ACD9100E992B8 /* Sources */ = {
			isa = PBXSourcesBuildPhase;
			buildActionMask = 2147483647;
			files = (
				ABD28342166ACD9100E992B8 /* main.m in Sources */,
				ABD28346166ACD9100E992B8 /* BasicButtonsAppDelegate.m in Sources */,
				ABD2834F166ACD9100E992B8 /* BasicButtonsViewController.m in Sources */,
				ABD2837C166C03E300E992B8 /* UIButton+NewsReelAdditions.m in Sources */,
			);
			runOnlyForDeploymentPostprocessing = 0;
		};
/* End PBXSourcesBuildPhase section */

/* Begin PBXVariantGroup section */
		ABD2833E166ACD9100E992B8 /* InfoPlist.strings */ = {
			isa = PBXVariantGroup;
			children = (
				ABD2833F166ACD9100E992B8 /* en */,
			);
			name = InfoPlist.strings;
			sourceTree = "<group>";
		};
		ABD28350166ACD9100E992B8 /* BasicButtonsViewController.xib */ = {
			isa = PBXVariantGroup;
			children = (
				ABD28351166ACD9100E992B8 /* en */,
			);
			name = BasicButtonsViewController.xib;
			sourceTree = "<group>";
		};
/* End PBXVariantGroup section */

/* Begin XCBuildConfiguration section */
		ABD28353166ACD9100E992B8 /* Debug */ = {
			isa = XCBuildConfiguration;
			buildSettings = {
				ALWAYS_SEARCH_USER_PATHS = NO;
				CLANG_CXX_LANGUAGE_STANDARD = "gnu++0x";
				CLANG_CXX_LIBRARY = "libc++";
				CLANG_ENABLE_OBJC_ARC = YES;
				CLANG_WARN_EMPTY_BODY = YES;
				CLANG_WARN__DUPLICATE_METHOD_MATCH = YES;
				"CODE_SIGN_IDENTITY[sdk=iphoneos*]" = "iPhone Developer";
				COPY_PHASE_STRIP = NO;
				GCC_C_LANGUAGE_STANDARD = gnu99;
				GCC_DYNAMIC_NO_PIC = NO;
				GCC_OPTIMIZATION_LEVEL = 0;
				GCC_PREPROCESSOR_DEFINITIONS = (
					"DEBUG=1",
					"$(inherited)",
				);
				GCC_SYMBOLS_PRIVATE_EXTERN = NO;
				GCC_WARN_ABOUT_RETURN_TYPE = YES;
				GCC_WARN_UNINITIALIZED_AUTOS = YES;
				GCC_WARN_UNUSED_VARIABLE = YES;
				IPHONEOS_DEPLOYMENT_TARGET = 6.0;
				ONLY_ACTIVE_ARCH = YES;
				SDKROOT = iphoneos;
			};
			name = Debug;
		};
		ABD28354166ACD9100E992B8 /* Release */ = {
			isa = XCBuildConfiguration;
			buildSettings = {
				ALWAYS_SEARCH_USER_PATHS = NO;
				CLANG_CXX_LANGUAGE_STANDARD = "gnu++0x";
				CLANG_CXX_LIBRARY = "libc++";
				CLANG_ENABLE_OBJC_ARC = YES;
				CLANG_WARN_EMPTY_BODY = YES;
				CLANG_WARN__DUPLICATE_METHOD_MATCH = YES;
				"CODE_SIGN_IDENTITY[sdk=iphoneos*]" = "iPhone Developer";
				COPY_PHASE_STRIP = YES;
				GCC_C_LANGUAGE_STANDARD = gnu99;
				GCC_WARN_ABOUT_RETURN_TYPE = YES;
				GCC_WARN_UNINITIALIZED_AUTOS = YES;
				GCC_WARN_UNUSED_VARIABLE = YES;
				IPHONEOS_DEPLOYMENT_TARGET = 6.0;
				OTHER_CFLAGS = "-DNS_BLOCK_ASSERTIONS=1";
				SDKROOT = iphoneos;
				VALIDATE_PRODUCT = YES;
			};
			name = Release;
		};
		ABD28356166ACD9100E992B8 /* Debug */ = {
			isa = XCBuildConfiguration;
			buildSettings = {
				GCC_PRECOMPILE_PREFIX_HEADER = YES;
				GCC_PREFIX_HEADER = "BasicButtons/BasicButtons-Prefix.pch";
				INFOPLIST_FILE = "BasicButtons/BasicButtons-Info.plist";
				PRODUCT_NAME = "$(TARGET_NAME)";
				WRAPPER_EXTENSION = app;
			};
			name = Debug;
		};
		ABD28357166ACD9100E992B8 /* Release */ = {
			isa = XCBuildConfiguration;
			buildSettings = {
				GCC_PRECOMPILE_PREFIX_HEADER = YES;
				GCC_PREFIX_HEADER = "BasicButtons/BasicButtons-Prefix.pch";
				INFOPLIST_FILE = "BasicButtons/BasicButtons-Info.plist";
				PRODUCT_NAME = "$(TARGET_NAME)";
				WRAPPER_EXTENSION = app;
			};
			name = Release;
		};
/* End XCBuildConfiguration section */

/* Begin XCConfigurationList section */
		ABD2832B166ACD9000E992B8 /* Build configuration list for PBXProject "BasicButtons" */ = {
			isa = XCConfigurationList;
			buildConfigurations = (
				ABD28353166ACD9100E992B8 /* Debug */,
				ABD28354166ACD9100E992B8 /* Release */,
			);
			defaultConfigurationIsVisible = 0;
			defaultConfigurationName = Release;
		};
		ABD28355166ACD9100E992B8 /* Build configuration list for PBXNativeTarget "BasicButtons" */ = {
			isa = XCConfigurationList;
			buildConfigurations = (
				ABD28356166ACD9100E992B8 /* Debug */,
				ABD28357166ACD9100E992B8 /* Release */,
			);
			defaultConfigurationIsVisible = 0;
			defaultConfigurationName = Release;
		};
/* End XCConfigurationList section */
	};
	rootObject = ABD28328166ACD9000E992B8 /* Project object */;
}
